
Microsoft Visual Studio Solution File, Format Version 12.00
# Visual Studio Version 17
VisualStudioVersion = 17.10.34928.147
MinimumVisualStudioVersion = 10.0.40219.1
Project("{FAE04EC0-301F-11D3-BF4B-00C04F79EFBC}") = "Championship Spanish", "Championship Spanish\Championship Spanish.csproj", "{FE101D02-1BCA-4B56-9762-B1BE1041BE02}"
EndProject
Global
	GlobalSection(SolutionConfigurationPlatforms) = preSolution
		Debug|Any CPU = Debug|Any CPU
		Release|Any CPU = Release|Any CPU
	EndGlobalSection
	GlobalSection(ProjectConfigurationPlatforms) = postSolution
		{FE101D02-1BCA-4B56-9762-B1BE1041BE02}.Debug|Any CPU.ActiveCfg = Debug|Any CPU
		{FE101D02-1BCA-4B56-9762-B1BE1041BE02}.Debug|Any CPU.Build.0 = Debug|Any CPU
		{FE101D02-1BCA-4B56-9762-B1BE1041BE02}.Release|Any CPU.ActiveCfg = Release|Any CPU
		{FE101D02-1BCA-4B56-9762-B1BE1041BE02}.Release|Any CPU.Build.0 = Release|Any CPU
	EndGlobalSection
	GlobalSection(SolutionProperties) = preSolution
		HideSolutionNode = FALSE
	EndGlobalSection
	GlobalSection(ExtensibilityGlobals) = postSolution
		SolutionGuid = {F4DF0183-034C-4FF5-839D-C050EC0E523B}
	EndGlobalSection
EndGlobal
